
Microsoft Visual Studio Solution File, Format Version 12.00
# Visual Studio Version 16
VisualStudioVersion = 16.0.30503.244
MinimumVisualStudioVersion = 10.0.40219.1
Project("{9A19103F-16F7-4668-BE54-9A1E7A4F7556}") = "VuonSenDaShop.WebApp", "VuonSenDaShop.WebApp\VuonSenDaShop.WebApp.csproj", "{C79E6A14-3FE8-466D-9DA8-89F2059D559B}"
EndProject
Project("{2150E333-8FDC-42A3-9474-1A3956D46DE8}") = "Solution Items", "Solution Items", "{AE8756E9-89EF-43CF-B2AD-D8155A925176}"
	ProjectSection(SolutionItems) = preProject
		README.md = README.md
	EndProjectSection
EndProject
Project("{9A19103F-16F7-4668-BE54-9A1E7A4F7556}") = "VuonSenDaShop.Data", "VuonSenDa.Data\VuonSenDaShop.Data.csproj", "{19AB3C0A-D5CA-40CC-9E71-4816AA5E2D98}"
EndProject
Project("{9A19103F-16F7-4668-BE54-9A1E7A4F7556}") = "VuonSenDaShop.Application", "VuonSenDaShop.Application\VuonSenDaShop.Application.csproj", "{A349BF55-1248-497C-835B-347EC95F9334}"
EndProject
Project("{FAE04EC0-301F-11D3-BF4B-00C04F79EFBC}") = "VuonSenDa.Utilities", "VuonSenDa.Utilities\VuonSenDa.Utilities.csproj", "{420BEC44-7C66-4702-93A1-8C5E968C725D}"
EndProject
Global
	GlobalSection(SolutionConfigurationPlatforms) = preSolution
		Debug|Any CPU = Debug|Any CPU
		Release|Any CPU = Release|Any CPU
	EndGlobalSection
	GlobalSection(ProjectConfigurationPlatforms) = postSolution
		{C79E6A14-3FE8-466D-9DA8-89F2059D559B}.Debug|Any CPU.ActiveCfg = Debug|Any CPU
		{C79E6A14-3FE8-466D-9DA8-89F2059D559B}.Debug|Any CPU.Build.0 = Debug|Any CPU
		{C79E6A14-3FE8-466D-9DA8-89F2059D559B}.Release|Any CPU.ActiveCfg = Release|Any CPU
		{C79E6A14-3FE8-466D-9DA8-89F2059D559B}.Release|Any CPU.Build.0 = Release|Any CPU
		{19AB3C0A-D5CA-40CC-9E71-4816AA5E2D98}.Debug|Any CPU.ActiveCfg = Debug|Any CPU
		{19AB3C0A-D5CA-40CC-9E71-4816AA5E2D98}.Debug|Any CPU.Build.0 = Debug|Any CPU
		{19AB3C0A-D5CA-40CC-9E71-4816AA5E2D98}.Release|Any CPU.ActiveCfg = Release|Any CPU
		{19AB3C0A-D5CA-40CC-9E71-4816AA5E2D98}.Release|Any CPU.Build.0 = Release|Any CPU
		{A349BF55-1248-497C-835B-347EC95F9334}.Debug|Any CPU.ActiveCfg = Debug|Any CPU
		{A349BF55-1248-497C-835B-347EC95F9334}.Debug|Any CPU.Build.0 = Debug|Any CPU
		{A349BF55-1248-497C-835B-347EC95F9334}.Release|Any CPU.ActiveCfg = Release|Any CPU
		{A349BF55-1248-497C-835B-347EC95F9334}.Release|Any CPU.Build.0 = Release|Any CPU
		{420BEC44-7C66-4702-93A1-8C5E968C725D}.Debug|Any CPU.ActiveCfg = Debug|Any CPU
		{420BEC44-7C66-4702-93A1-8C5E968C725D}.Debug|Any CPU.Build.0 = Debug|Any CPU
		{420BEC44-7C66-4702-93A1-8C5E968C725D}.Release|Any CPU.ActiveCfg = Release|Any CPU
		{420BEC44-7C66-4702-93A1-8C5E968C725D}.Release|Any CPU.Build.0 = Release|Any CPU
	EndGlobalSection
	GlobalSection(SolutionProperties) = preSolution
		HideSolutionNode = FALSE
	EndGlobalSection
	GlobalSection(ExtensibilityGlobals) = postSolution
		SolutionGuid = {A6FD4E07-0751-4F19-B58D-4AA5333FABF2}
	EndGlobalSection
EndGlobal
